// !$*UTF8*$!
{
	archiveVersion = 1;
	classes = {
	};
	objectVersion = 46;
	objects = {

/* Begin PBXBuildFile section */
		3AA0A35B1A126D6200940994 /* AppDelegate.swift in Sources */ = {isa = PBXBuildFile; fileRef = 3AA0A35A1A126D6200940994 /* AppDelegate.swift */; };
		3AA0A35D1A126D6200940994 /* ViewController.swift in Sources */ = {isa = PBXBuildFile; fileRef = 3AA0A35C1A126D6200940994 /* ViewController.swift */; };
		3AA0A3601A126D6200940994 /* Main.storyboard in Resources */ = {isa = PBXBuildFile; fileRef = 3AA0A35E1A126D6200940994 /* Main.storyboard */; };
		3AA0A3621A126D6200940994 /* Images.xcassets in Resources */ = {isa = PBXBuildFile; fileRef = 3AA0A3611A126D6200940994 /* Images.xcassets */; };
		3AA0A3651A126D6200940994 /* LaunchScreen.xib in Resources */ = {isa = PBXBuildFile; fileRef = 3AA0A3631A126D6200940994 /* LaunchScreen.xib */; };
		3AA0A3711A126D6200940994 /* ibdgtTests.swift in Sources */ = {isa = PBXBuildFile; fileRef = 3AA0A3701A126D6200940994 /* ibdgtTests.swift */; };
/* End PBXBuildFile section */

/* Begin PBXContainerItemProxy section */
		3AA0A36B1A126D6200940994 /* PBXContainerItemProxy */ = {
			isa = PBXContainerItemProxy;
			containerPortal = 3AA0A34D1A126D6200940994 /* Project object */;
			proxyType = 1;
			remoteGlobalIDString = 3AA0A3541A126D6200940994;
			remoteInfo = ibdgt;
		};
/* End PBXContainerItemProxy section */

/* Begin PBXFileReference section */
		3AA0A3551A126D6200940994 /* ibdgt.app */ = {isa = PBXFileReference; explicitFileType = wrapper.application; includeInIndex = 0; path = ibdgt.app; sourceTree = BUILT_PRODUCTS_DIR; };
		3AA0A3591A126D6200940994 /* Info.plist */ = {isa = PBXFileReference; lastKnownFileType = text.plist.xml; path = Info.plist; sourceTree = "<group>"; };
		3AA0A35A1A126D6200940994 /* AppDelegate.swift */ = {isa = PBXFileReference; lastKnownFileType = sourcecode.swift; path = AppDelegate.swift; sourceTree = "<group>"; };
		3AA0A35C1A126D6200940994 /* ViewController.swift */ = {isa = PBXFileReference; lastKnownFileType = sourcecode.swift; path = ViewController.swift; sourceTree = "<group>"; };
		3AA0A35F1A126D6200940994 /* Base */ = {isa = PBXFileReference; lastKnownFileType = file.storyboard; name = Base; path = Base.lproj/Main.storyboard; sourceTree = "<group>"; };
		3AA0A3611A126D6200940994 /* Images.xcassets */ = {isa = PBXFileReference; lastKnownFileType = folder.assetcatalog; path = Images.xcassets; sourceTree = "<group>"; };
		3AA0A3641A126D6200940994 /* Base */ = {isa = PBXFileReference; lastKnownFileType = file.xib; name = Base; path = Base.lproj/LaunchScreen.xib; sourceTree = "<group>"; };
		3AA0A36A1A126D6200940994 /* ibdgtTests.xctest */ = {isa = PBXFileReference; explicitFileType = wrapper.cfbundle; includeInIndex = 0; path = ibdgtTests.xctest; sourceTree = BUILT_PRODUCTS_DIR; };
		3AA0A36F1A126D6200940994 /* Info.plist */ = {isa = PBXFileReference; lastKnownFileType = text.plist.xml; path = Info.plist; sourceTree = "<group>"; };
		3AA0A3701A126D6200940994 /* ibdgtTests.swift */ = {isa = PBXFileReference; lastKnownFileType = sourcecode.swift; path = ibdgtTests.swift; sourceTree = "<group>"; };
/* End PBXFileReference section */

/* Begin PBXFrameworksBuildPhase section */
		3AA0A3521A126D6200940994 /* Frameworks */ = {
			isa = PBXFrameworksBuildPhase;
			buildActionMask = 2147483647;
			files = (
			);
			runOnlyForDeploymentPostprocessing = 0;
		};
		3AA0A3671A126D6200940994 /* Frameworks */ = {
			isa = PBXFrameworksBuildPhase;
			buildActionMask = 2147483647;
			files = (
			);
			runOnlyForDeploymentPostprocessing = 0;
		};
/* End PBXFrameworksBuildPhase section */

/* Begin PBXGroup section */
		3AA0A34C1A126D6200940994 = {
			isa = PBXGroup;
			children = (
				3AA0A3571A126D6200940994 /* ibdgt */,
				3AA0A36D1A126D6200940994 /* ibdgtTests */,
				3AA0A3561A126D6200940994 /* Products */,
			);
			sourceTree = "<group>";
		};
		3AA0A3561A126D6200940994 /* Products */ = {
			isa = PBXGroup;
			children = (
				3AA0A3551A126D6200940994 /* ibdgt.app */,
				3AA0A36A1A126D6200940994 /* ibdgtTests.xctest */,
			);
			name = Products;
			sourceTree = "<group>";
		};
		3AA0A3571A126D6200940994 /* ibdgt */ = {
			isa = PBXGroup;
			children = (
				3AA0A35A1A126D6200940994 /* AppDelegate.swift */,
				3AA0A35C1A126D6200940994 /* ViewController.swift */,
				3AA0A35E1A126D6200940994 /* Main.storyboard */,
				3AA0A3611A126D6200940994 /* Images.xcassets */,
				3AA0A3631A126D6200940994 /* LaunchScreen.xib */,
				3AA0A3581A126D6200940994 /* Supporting Files */,
			);
			path = ibdgt;
			sourceTree = "<group>";
		};
		3AA0A3581A126D6200940994 /* Supporting Files */ = {
			isa = PBXGroup;
			children = (
				3AA0A3591A126D6200940994 /* Info.plist */,
			);
			name = "Supporting Files";
			sourceTree = "<group>";
		};
		3AA0A36D1A126D6200940994 /* ibdgtTests */ = {
			isa = PBXGroup;
			children = (
				3AA0A3701A126D6200940994 /* ibdgtTests.swift */,
				3AA0A36E1A126D6200940994 /* Supporting Files */,
			);
			path = ibdgtTests;
			sourceTree = "<group>";
		};
		3AA0A36E1A126D6200940994 /* Supporting Files */ = {
			isa = PBXGroup;
			children = (
				3AA0A36F1A126D6200940994 /* Info.plist */,
			);
			name = "Supporting Files";
			sourceTree = "<group>";
		};
/* End PBXGroup section */

/* Begin PBXNativeTarget section */
		3AA0A3541A126D6200940994 /* ibdgt */ = {
			isa = PBXNativeTarget;
			buildConfigurationList = 3AA0A3741A126D6200940994 /* Build configuration list for PBXNativeTarget "ibdgt" */;
			buildPhases = (
				3AA0A3511A126D6200940994 /* Sources */,
				3AA0A3521A126D6200940994 /* Frameworks */,
				3AA0A3531A126D6200940994 /* Resources */,
			);
			buildRules = (
			);
			dependencies = (
			);
			name = ibdgt;
			productName = ibdgt;
			productReference = 3AA0A3551A126D6200940994 /* ibdgt.app */;
			productType = "com.apple.product-type.application";
		};
		3AA0A3691A126D6200940994 /* ibdgtTests */ = {
			isa = PBXNativeTarget;
			buildConfigurationList = 3AA0A3771A126D6200940994 /* Build configuration list for PBXNativeTarget "ibdgtTests" */;
			buildPhases = (
				3AA0A3661A126D6200940994 /* Sources */,
				3AA0A3671A126D6200940994 /* Frameworks */,
				3AA0A3681A126D6200940994 /* Resources */,
			);
			buildRules = (
			);
			dependencies = (
				3AA0A36C1A126D6200940994 /* PBXTargetDependency */,
			);
			name = ibdgtTests;
			productName = ibdgtTests;
			productReference = 3AA0A36A1A126D6200940994 /* ibdgtTests.xctest */;
			productType = "com.apple.product-type.bundle.unit-test";
		};
/* End PBXNativeTarget section */

/* Begin PBXProject section */
		3AA0A34D1A126D6200940994 /* Project object */ = {
			isa = PBXProject;
			attributes = {
				LastUpgradeCheck = 0610;
				ORGANIZATIONNAME = Umetzu;
				TargetAttributes = {
					3AA0A3541A126D6200940994 = {
						CreatedOnToolsVersion = 6.1;
					};
					3AA0A3691A126D6200940994 = {
						CreatedOnToolsVersion = 6.1;
						TestTargetID = 3AA0A3541A126D6200940994;
					};
				};
			};
			buildConfigurationList = 3AA0A3501A126D6200940994 /* Build configuration list for PBXProject "ibdgt" */;
			compatibilityVersion = "Xcode 3.2";
			developmentRegion = English;
			hasScannedForEncodings = 0;
			knownRegions = (
				en,
				Base,
			);
			mainGroup = 3AA0A34C1A126D6200940994;
			productRefGroup = 3AA0A3561A126D6200940994 /* Products */;
			projectDirPath = "";
			projectRoot = "";
			targets = (
				3AA0A3541A126D6200940994 /* ibdgt */,
				3AA0A3691A126D6200940994 /* ibdgtTests */,
			);
		};
/* End PBXProject section */

/* Begin PBXResourcesBuildPhase section */
		3AA0A3531A126D6200940994 /* Resources */ = {
			isa = PBXResourcesBuildPhase;
			buildActionMask = 2147483647;
			files = (
				3AA0A3601A126D6200940994 /* Main.storyboard in Resources */,
				3AA0A3651A126D6200940994 /* LaunchScreen.xib in Resources */,
				3AA0A3621A126D6200940994 /* Images.xcassets in Resources */,
			);
			runOnlyForDeploymentPostprocessing = 0;
		};
		3AA0A3681A126D6200940994 /* Resources */ = {
			isa = PBXResourcesBuildPhase;
			buildActionMask = 2147483647;
			files = (
			);
			runOnlyForDeploymentPostprocessing = 0;
		};
/* End PBXResourcesBuildPhase section */

/* Begin PBXSourcesBuildPhase section */
		3AA0A3511A126D6200940994 /* Sources */ = {
			isa = PBXSourcesBuildPhase;
			buildActionMask = 2147483647;
			files = (
				3AA0A35D1A126D6200940994 /* ViewController.swift in Sources */,
				3AA0A35B1A126D6200940994 /* AppDelegate.swift in Sources */,
			);
			runOnlyForDeploymentPostprocessing = 0;
		};
		3AA0A3661A126D6200940994 /* Sources */ = {
			isa = PBXSourcesBuildPhase;
			buildActionMask = 2147483647;
			files = (
				3AA0A3711A126D6200940994 /* ibdgtTests.swift in Sources */,
			);
			runOnlyForDeploymentPostprocessing = 0;
		};
/* End PBXSourcesBuildPhase section */

/* Begin PBXTargetDependency section */
		3AA0A36C1A126D6200940994 /* PBXTargetDependency */ = {
			isa = PBXTargetDependency;
			target = 3AA0A3541A126D6200940994 /* ibdgt */;
			targetProxy = 3AA0A36B1A126D6200940994 /* PBXContainerItemProxy */;
		};
/* End PBXTargetDependency section */

/* Begin PBXVariantGroup section */
		3AA0A35E1A126D6200940994 /* Main.storyboard */ = {
			isa = PBXVariantGroup;
			children = (
				3AA0A35F1A126D6200940994 /* Base */,
			);
			name = Main.storyboard;
			sourceTree = "<group>";
		};
		3AA0A3631A126D6200940994 /* LaunchScreen.xib */ = {
			isa = PBXVariantGroup;
			children = (
				3AA0A3641A126D6200940994 /* Base */,
			);
			name = LaunchScreen.xib;
			sourceTree = "<group>";
		};
/* End PBXVariantGroup section */

/* Begin XCBuildConfiguration section */
		3AA0A3721A126D6200940994 /* Debug */ = {
			isa = XCBuildConfiguration;
			buildSettings = {
				ALWAYS_SEARCH_USER_PATHS = NO;
				CLANG_CXX_LANGUAGE_STANDARD = "gnu++0x";
				CLANG_CXX_LIBRARY = "libc++";
				CLANG_ENABLE_MODULES = YES;
				CLANG_ENABLE_OBJC_ARC = YES;
				CLANG_WARN_BOOL_CONVERSION = YES;
				CLANG_WARN_CONSTANT_CONVERSION = YES;
				CLANG_WARN_DIRECT_OBJC_ISA_USAGE = YES_ERROR;
				CLANG_WARN_EMPTY_BODY = YES;
				CLANG_WARN_ENUM_CONVERSION = YES;
				CLANG_WARN_INT_CONVERSION = YES;
				CLANG_WARN_OBJC_ROOT_CLASS = YES_ERROR;
				CLANG_WARN_UNREACHABLE_CODE = YES;
				CLANG_WARN__DUPLICATE_METHOD_MATCH = YES;
				"CODE_SIGN_IDENTITY[sdk=iphoneos*]" = "iPhone Developer";
				COPY_PHASE_STRIP = NO;
				ENABLE_STRICT_OBJC_MSGSEND = YES;
				GCC_C_LANGUAGE_STANDARD = gnu99;
				GCC_DYNAMIC_NO_PIC = NO;
				GCC_OPTIMIZATION_LEVEL = 0;
				GCC_PREPROCESSOR_DEFINITIONS = (
					"DEBUG=1",
					"$(inherited)",
				);
				GCC_SYMBOLS_PRIVATE_EXTERN = NO;
				GCC_WARN_64_TO_32_BIT_CONVERSION = YES;
				GCC_WARN_ABOUT_RETURN_TYPE = YES_ERROR;
				GCC_WARN_UNDECLARED_SELECTOR = YES;
				GCC_WARN_UNINITIALIZED_AUTOS = YES_AGGRESSIVE;
				GCC_WARN_UNUSED_FUNCTION = YES;
				GCC_WARN_UNUSED_VARIABLE = YES;
				IPHONEOS_DEPLOYMENT_TARGET = 8.1;
				MTL_ENABLE_DEBUG_INFO = YES;
				ONLY_ACTIVE_ARCH = YES;
				SDKROOT = iphoneos;
				SWIFT_OPTIMIZATION_LEVEL = "-Onone";
			};
			name = Debug;
		};
		3AA0A3731A126D6200940994 /* Release */ = {
			isa = XCBuildConfiguration;
			buildSettings = {
				ALWAYS_SEARCH_USER_PATHS = NO;
				CLANG_CXX_LANGUAGE_STANDARD = "gnu++0x";
				CLANG_CXX_LIBRARY = "libc++";
				CLANG_ENABLE_MODULES = YES;
				CLANG_ENABLE_OBJC_ARC = YES;
				CLANG_WARN_BOOL_CONVERSION = YES;
				CLANG_WARN_CONSTANT_CONVERSION = YES;
				CLANG_WARN_DIRECT_OBJC_ISA_USAGE = YES_ERROR;
				CLANG_WARN_EMPTY_BODY = YES;
				CLANG_WARN_ENUM_CONVERSION = YES;
				CLANG_WARN_INT_CONVERSION = YES;
				CLANG_WARN_OBJC_ROOT_CLASS = YES_ERROR;
				CLANG_WARN_UNREACHABLE_CODE = YES;
				CLANG_WARN__DUPLICATE_METHOD_MATCH = YES;
				"CODE_SIGN_IDENTITY[sdk=iphoneos*]" = "iPhone Developer";
				COPY_PHASE_STRIP = YES;
				ENABLE_NS_ASSERTIONS = NO;
				ENABLE_STRICT_OBJC_MSGSEND = YES;
				GCC_C_LANGUAGE_STANDARD = gnu99;
				GCC_WARN_64_TO_32_BIT_CONVERSION = YES;
				GCC_WARN_ABOUT_RETURN_TYPE = YES_ERROR;
				GCC_WARN_UNDECLARED_SELECTOR = YES;
				GCC_WARN_UNINITIALIZED_AUTOS = YES_AGGRESSIVE;
				GCC_WARN_UNUSED_FUNCTION = YES;
				GCC_WARN_UNUSED_VARIABLE = YES;
				IPHONEOS_DEPLOYMENT_TARGET = 8.1;
				MTL_ENABLE_DEBUG_INFO = NO;
				SDKROOT = iphoneos;
				VALIDATE_PRODUCT = YES;
			};
			name = Release;
		};
		3AA0A3751A126D6200940994 /* Debug */ = {
			isa = XCBuildConfiguration;
			buildSettings = {
				ASSETCATALOG_COMPILER_APPICON_NAME = AppIcon;
				INFOPLIST_FILE = ibdgt/Info.plist;
				LD_RUNPATH_SEARCH_PATHS = "$(inherited) @executable_path/Frameworks";
				PRODUCT_NAME = "$(TARGET_NAME)";
			};
			name = Debug;
		};
		3AA0A3761A126D6200940994 /* Release */ = {
			isa = XCBuildConfiguration;
			buildSettings = {
				ASSETCATALOG_COMPILER_APPICON_NAME = AppIcon;
				INFOPLIST_FILE = ibdgt/Info.plist;
				LD_RUNPATH_SEARCH_PATHS = "$(inherited) @executable_path/Frameworks";
				PRODUCT_NAME = "$(TARGET_NAME)";
			};
			name = Release;
		};
		3AA0A3781A126D6200940994 /* Debug */ = {
			isa = XCBuildConfiguration;
			buildSettings = {
				BUNDLE_LOADER = "$(TEST_HOST)";
				FRAMEWORK_SEARCH_PATHS = (
					"$(SDKROOT)/Developer/Library/Frameworks",
					"$(inherited)",
				);
				GCC_PREPROCESSOR_DEFINITIONS = (
					"DEBUG=1",
					"$(inherited)",
				);
				INFOPLIST_FILE = ibdgtTests/Info.plist;
				LD_RUNPATH_SEARCH_PATHS = "$(inherited) @executable_path/Frameworks @loader_path/Frameworks";
				PRODUCT_NAME = "$(TARGET_NAME)";
				TEST_HOST = "$(BUILT_PRODUCTS_DIR)/ibdgt.app/ibdgt";
			};
			name = Debug;
		};
		3AA0A3791A126D6200940994 /* Release */ = {
			isa = XCBuildConfiguration;
			buildSettings = {
				BUNDLE_LOADER = "$(TEST_HOST)";
				FRAMEWORK_SEARCH_PATHS = (
					"$(SDKROOT)/Developer/Library/Frameworks",
					"$(inherited)",
				);
				INFOPLIST_FILE = ibdgtTests/Info.plist;
				LD_RUNPATH_SEARCH_PATHS = "$(inherited) @executable_path/Frameworks @loader_path/Frameworks";
				PRODUCT_NAME = "$(TARGET_NAME)";
				TEST_HOST = "$(BUILT_PRODUCTS_DIR)/ibdgt.app/ibdgt";
			};
			name = Release;
		};
/* End XCBuildConfiguration section */

/* Begin XCConfigurationList section */
		3AA0A3501A126D6200940994 /* Build configuration list for PBXProject "ibdgt" */ = {
			isa = XCConfigurationList;
			buildConfigurations = (
				3AA0A3721A126D6200940994 /* Debug */,
				3AA0A3731A126D6200940994 /* Release */,
			);
			defaultConfigurationIsVisible = 0;
			defaultConfigurationName = Release;
		};
		3AA0A3741A126D6200940994 /* Build configuration list for PBXNativeTarget "ibdgt" */ = {
			isa = XCConfigurationList;
			buildConfigurations = (
				3AA0A3751A126D6200940994 /* Debug */,
				3AA0A3761A126D6200940994 /* Release */,
			);
			defaultConfigurationIsVisible = 0;
		};
		3AA0A3771A126D6200940994 /* Build configuration list for PBXNativeTarget "ibdgtTests" */ = {
			isa = XCConfigurationList;
			buildConfigurations = (
				3AA0A3781A126D6200940994 /* Debug */,
				3AA0A3791A126D6200940994 /* Release */,
			);
			defaultConfigurationIsVisible = 0;
		};
/* End XCConfigurationList section */
	};
	rootObject = 3AA0A34D1A126D6200940994 /* Project object */;
}
